PODS:
  - Flutter (1.0.0)
  - unique_device_id (0.0.1):
    - Flutter

DEPENDENCIES:
  - Flutter (from `Flutter`)
  - unique_device_id (from `.symlinks/plugins/unique_device_id/ios`)

EXTERNAL SOURCES:
  Flutter:
    :path: Flutter
  unique_device_id:
    :path: ".symlinks/plugins/unique_device_id/ios"

SPEC CHECKSUMS:
  Flutter: 434fef37c0980e73bb6479ef766c45957d4b510c
  unique_device_id: 9e5b9199a5c8a101229a1a386c8d46f196e0a4f3

PODFILE CHECKSUM: 8e679eca47255a8ca8067c4c67aab20e64cb974d

COCOAPODS: 1.10.1
